// !$*UTF8*$!
{
	archiveVersion = 1;
	classes = {
	};
	objectVersion = 56;
	objects = {

/* Begin PBXBuildFile section */
		5500A00029B277D5001AC2B3 /* CustomListItem.swift in Sources */ = {isa = PBXBuildFile; fileRef = 55009FFF29B277D5001AC2B3 /* CustomListItem.swift */; };
		5500A00229B28742001AC2B3 /* ProfileEditView.swift in Sources */ = {isa = PBXBuildFile; fileRef = 5500A00129B28742001AC2B3 /* ProfileEditView.swift */; };
		5500A00429B28760001AC2B3 /* ProfileEdit.swift in Sources */ = {isa = PBXBuildFile; fileRef = 5500A00329B28760001AC2B3 /* ProfileEdit.swift */; };
		556ACFF229530F0E00FAB74E /* FlashyApp.swift in Sources */ = {isa = PBXBuildFile; fileRef = 556ACFF129530F0E00FAB74E /* FlashyApp.swift */; };
		556ACFF429530F0E00FAB74E /* ContentView.swift in Sources */ = {isa = PBXBuildFile; fileRef = 556ACFF329530F0E00FAB74E /* ContentView.swift */; };
		556ACFF629530F1000FAB74E /* Assets.xcassets in Resources */ = {isa = PBXBuildFile; fileRef = 556ACFF529530F1000FAB74E /* Assets.xcassets */; };
		556ACFF929530F1000FAB74E /* Preview Assets.xcassets in Resources */ = {isa = PBXBuildFile; fileRef = 556ACFF829530F1000FAB74E /* Preview Assets.xcassets */; };
		556AD00129530FCC00FAB74E /* LoginScreenView.swift in Sources */ = {isa = PBXBuildFile; fileRef = 556AD00029530FCC00FAB74E /* LoginScreenView.swift */; };
		556AD00529531F6000FAB74E /* CustomTextField.swift in Sources */ = {isa = PBXBuildFile; fileRef = 556AD00429531F6000FAB74E /* CustomTextField.swift */; };
		556AD007295324CE00FAB74E /* CustomSignInButton.swift in Sources */ = {isa = PBXBuildFile; fileRef = 556AD006295324CE00FAB74E /* CustomSignInButton.swift */; };
		556AD00A2953316C00FAB74E /* RegistrationView.swift in Sources */ = {isa = PBXBuildFile; fileRef = 556AD0092953316C00FAB74E /* RegistrationView.swift */; };
		556AD00C29539CA300FAB74E /* CustomTextFieldRegister.swift in Sources */ = {isa = PBXBuildFile; fileRef = 556AD00B29539CA200FAB74E /* CustomTextFieldRegister.swift */; };
		556AD00E295472B900FAB74E /* GoogleService-Info.plist in Resources */ = {isa = PBXBuildFile; fileRef = 556AD00D295472B900FAB74E /* GoogleService-Info.plist */; };
		556AD0112954780A00FAB74E /* FirebaseAuth in Frameworks */ = {isa = PBXBuildFile; productRef = 556AD0102954780A00FAB74E /* FirebaseAuth */; };
		556AD0132954780A00FAB74E /* FirebaseFirestore in Frameworks */ = {isa = PBXBuildFile; productRef = 556AD0122954780A00FAB74E /* FirebaseFirestore */; };
		556AD0152954780A00FAB74E /* FirebaseFirestoreSwift in Frameworks */ = {isa = PBXBuildFile; productRef = 556AD0142954780A00FAB74E /* FirebaseFirestoreSwift */; };
		556AD0172954780A00FAB74E /* FirebaseStorage in Frameworks */ = {isa = PBXBuildFile; productRef = 556AD0162954780A00FAB74E /* FirebaseStorage */; };
		556AD01A295480DE00FAB74E /* AuthViewModel.swift in Sources */ = {isa = PBXBuildFile; fileRef = 556AD019295480DE00FAB74E /* AuthViewModel.swift */; };
		556AD01C2954814B00FAB74E /* BottomNavigationView.swift in Sources */ = {isa = PBXBuildFile; fileRef = 556AD01B2954814B00FAB74E /* BottomNavigationView.swift */; };
		556AD0242954AF5D00FAB74E /* GoogleSignIn in Frameworks */ = {isa = PBXBuildFile; productRef = 556AD0232954AF5D00FAB74E /* GoogleSignIn */; };
		556AD0262954E98900FAB74E /* MainView.swift in Sources */ = {isa = PBXBuildFile; fileRef = 556AD0252954E98900FAB74E /* MainView.swift */; };
		556AD0282954E99B00FAB74E /* SearchView.swift in Sources */ = {isa = PBXBuildFile; fileRef = 556AD0272954E99B00FAB74E /* SearchView.swift */; };
		556AD02A2954E9AC00FAB74E /* ProfileView.swift in Sources */ = {isa = PBXBuildFile; fileRef = 556AD0292954E9AC00FAB74E /* ProfileView.swift */; };
		556AD02C2954F63C00FAB74E /* ThumbnailView.swift in Sources */ = {isa = PBXBuildFile; fileRef = 556AD02B2954F63C00FAB74E /* ThumbnailView.swift */; };
		556AD02E2954FCAD00FAB74E /* SearchBar.swift in Sources */ = {isa = PBXBuildFile; fileRef = 556AD02D2954FCAD00FAB74E /* SearchBar.swift */; };
		556AD0312955B9FD00FAB74E /* Picture.swift in Sources */ = {isa = PBXBuildFile; fileRef = 556AD0302955B9FD00FAB74E /* Picture.swift */; };
		556AD0332955BABF00FAB74E /* User.swift in Sources */ = {isa = PBXBuildFile; fileRef = 556AD0322955BABF00FAB74E /* User.swift */; };
		556AD0352955BC3700FAB74E /* ImageDetailsView.swift in Sources */ = {isa = PBXBuildFile; fileRef = 556AD0342955BC3600FAB74E /* ImageDetailsView.swift */; };
		556AD03829575F5F00FAB74E /* ImageUploader.swift in Sources */ = {isa = PBXBuildFile; fileRef = 556AD03729575F5F00FAB74E /* ImageUploader.swift */; };
		556AD03A2957632400FAB74E /* ImageUploadView.swift in Sources */ = {isa = PBXBuildFile; fileRef = 556AD0392957632400FAB74E /* ImageUploadView.swift */; };
		556AD03D29576B8000FAB74E /* ImagePicker.swift in Sources */ = {isa = PBXBuildFile; fileRef = 556AD03C29576B8000FAB74E /* ImagePicker.swift */; };
		556AD047295F518600FAB74E /* ImageUploadViewModel.swift in Sources */ = {isa = PBXBuildFile; fileRef = 556AD046295F518600FAB74E /* ImageUploadViewModel.swift */; };
		557E0F672994FC5700BD1FE2 /* UserService.swift in Sources */ = {isa = PBXBuildFile; fileRef = 557E0F662994FC5700BD1FE2 /* UserService.swift */; };
		557E0F6E299AE53E00BD1FE2 /* MainTabViewModel.swift in Sources */ = {isa = PBXBuildFile; fileRef = 557E0F6D299AE53E00BD1FE2 /* MainTabViewModel.swift */; };
		557E0F7A299AF0BB00BD1FE2 /* Kingfisher in Frameworks */ = {isa = PBXBuildFile; productRef = 557E0F79299AF0BB00BD1FE2 /* Kingfisher */; };
		557E0F7C299D58F400BD1FE2 /* ImageService.swift in Sources */ = {isa = PBXBuildFile; fileRef = 557E0F7B299D58F400BD1FE2 /* ImageService.swift */; };
		557E0F7E299E6A4900BD1FE2 /* ProfileViewModel.swift in Sources */ = {isa = PBXBuildFile; fileRef = 557E0F7D299E6A4900BD1FE2 /* ProfileViewModel.swift */; };
		557E0F82299E800E00BD1FE2 /* CustomShape.swift in Sources */ = {isa = PBXBuildFile; fileRef = 557E0F81299E800E00BD1FE2 /* CustomShape.swift */; };
		557E0F84299E833200BD1FE2 /* ProgressBarView.swift in Sources */ = {isa = PBXBuildFile; fileRef = 557E0F83299E833200BD1FE2 /* ProgressBarView.swift */; };
		5589071229B8E3BB00CC7D18 /* ImageSaver.swift in Sources */ = {isa = PBXBuildFile; fileRef = 5589071129B8E3BB00CC7D18 /* ImageSaver.swift */; };
		5589071829BA0B5800CC7D18 /* ImageDetailViewModel.swift in Sources */ = {isa = PBXBuildFile; fileRef = 5589071729BA0B5800CC7D18 /* ImageDetailViewModel.swift */; };
		5589071A29BE3D2000CC7D18 /* ImageType.swift in Sources */ = {isa = PBXBuildFile; fileRef = 5589071929BE3D2000CC7D18 /* ImageType.swift */; };
		55D1C76F29C350FF009BBDE8 /* SearchViewModel.swift in Sources */ = {isa = PBXBuildFile; fileRef = 55D1C76E29C350FF009BBDE8 /* SearchViewModel.swift */; };
		55D1C77529C36745009BBDE8 /* SearchThumbnailView.swift in Sources */ = {isa = PBXBuildFile; fileRef = 55D1C77429C36745009BBDE8 /* SearchThumbnailView.swift */; };
		55D1C77729C8872A009BBDE8 /* ProfileEditViewModel.swift in Sources */ = {isa = PBXBuildFile; fileRef = 55D1C77629C8872A009BBDE8 /* ProfileEditViewModel.swift */; };
/* End PBXBuildFile section */

/* Begin PBXFileReference section */
		55009FFF29B277D5001AC2B3 /* CustomListItem.swift */ = {isa = PBXFileReference; lastKnownFileType = sourcecode.swift; path = CustomListItem.swift; sourceTree = "<group>"; };
		5500A00129B28742001AC2B3 /* ProfileEditView.swift */ = {isa = PBXFileReference; lastKnownFileType = sourcecode.swift; path = ProfileEditView.swift; sourceTree = "<group>"; };
		5500A00329B28760001AC2B3 /* ProfileEdit.swift */ = {isa = PBXFileReference; lastKnownFileType = sourcecode.swift; path = ProfileEdit.swift; sourceTree = "<group>"; };
		556ACFEE29530F0E00FAB74E /* Flashy.app */ = {isa = PBXFileReference; explicitFileType = wrapper.application; includeInIndex = 0; path = Flashy.app; sourceTree = BUILT_PRODUCTS_DIR; };
		556ACFF129530F0E00FAB74E /* FlashyApp.swift */ = {isa = PBXFileReference; lastKnownFileType = sourcecode.swift; path = FlashyApp.swift; sourceTree = "<group>"; };
		556ACFF329530F0E00FAB74E /* ContentView.swift */ = {isa = PBXFileReference; lastKnownFileType = sourcecode.swift; path = ContentView.swift; sourceTree = "<group>"; };
		556ACFF529530F1000FAB74E /* Assets.xcassets */ = {isa = PBXFileReference; lastKnownFileType = folder.assetcatalog; path = Assets.xcassets; sourceTree = "<group>"; };
		556ACFF829530F1000FAB74E /* Preview Assets.xcassets */ = {isa = PBXFileReference; lastKnownFileType = folder.assetcatalog; path = "Preview Assets.xcassets"; sourceTree = "<group>"; };
		556AD00029530FCC00FAB74E /* LoginScreenView.swift */ = {isa = PBXFileReference; lastKnownFileType = sourcecode.swift; path = LoginScreenView.swift; sourceTree = "<group>"; };
		556AD00429531F6000FAB74E /* CustomTextField.swift */ = {isa = PBXFileReference; lastKnownFileType = sourcecode.swift; path = CustomTextField.swift; sourceTree = "<group>"; };
		556AD006295324CE00FAB74E /* CustomSignInButton.swift */ = {isa = PBXFileReference; lastKnownFileType = sourcecode.swift; path = CustomSignInButton.swift; sourceTree = "<group>"; };
		556AD00829532DC500FAB74E /* Info.plist */ = {isa = PBXFileReference; lastKnownFileType = text.plist; path = Info.plist; sourceTree = "<group>"; };
		556AD0092953316C00FAB74E /* RegistrationView.swift */ = {isa = PBXFileReference; lastKnownFileType = sourcecode.swift; path = RegistrationView.swift; sourceTree = "<group>"; };
		556AD00B29539CA200FAB74E /* CustomTextFieldRegister.swift */ = {isa = PBXFileReference; lastKnownFileType = sourcecode.swift; path = CustomTextFieldRegister.swift; sourceTree = "<group>"; };
		556AD00D295472B900FAB74E /* GoogleService-Info.plist */ = {isa = PBXFileReference; fileEncoding = 4; lastKnownFileType = text.plist.xml; path = "GoogleService-Info.plist"; sourceTree = "<group>"; };
		556AD019295480DE00FAB74E /* AuthViewModel.swift */ = {isa = PBXFileReference; lastKnownFileType = sourcecode.swift; path = AuthViewModel.swift; sourceTree = "<group>"; };
		556AD01B2954814B00FAB74E /* BottomNavigationView.swift */ = {isa = PBXFileReference; lastKnownFileType = sourcecode.swift; path = BottomNavigationView.swift; sourceTree = "<group>"; };
		556AD0252954E98900FAB74E /* MainView.swift */ = {isa = PBXFileReference; lastKnownFileType = sourcecode.swift; path = MainView.swift; sourceTree = "<group>"; };
		556AD0272954E99B00FAB74E /* SearchView.swift */ = {isa = PBXFileReference; lastKnownFileType = sourcecode.swift; path = SearchView.swift; sourceTree = "<group>"; };
		556AD0292954E9AC00FAB74E /* ProfileView.swift */ = {isa = PBXFileReference; lastKnownFileType = sourcecode.swift; path = ProfileView.swift; sourceTree = "<group>"; };
		556AD02B2954F63C00FAB74E /* ThumbnailView.swift */ = {isa = PBXFileReference; lastKnownFileType = sourcecode.swift; path = ThumbnailView.swift; sourceTree = "<group>"; };
		556AD02D2954FCAD00FAB74E /* SearchBar.swift */ = {isa = PBXFileReference; lastKnownFileType = sourcecode.swift; path = SearchBar.swift; sourceTree = "<group>"; };
		556AD0302955B9FD00FAB74E /* Picture.swift */ = {isa = PBXFileReference; lastKnownFileType = sourcecode.swift; path = Picture.swift; sourceTree = "<group>"; };
		556AD0322955BABF00FAB74E /* User.swift */ = {isa = PBXFileReference; lastKnownFileType = sourcecode.swift; path = User.swift; sourceTree = "<group>"; };
		556AD0342955BC3600FAB74E /* ImageDetailsView.swift */ = {isa = PBXFileReference; lastKnownFileType = sourcecode.swift; path = ImageDetailsView.swift; sourceTree = "<group>"; };
		556AD03729575F5F00FAB74E /* ImageUploader.swift */ = {isa = PBXFileReference; lastKnownFileType = sourcecode.swift; path = ImageUploader.swift; sourceTree = "<group>"; };
		556AD0392957632400FAB74E /* ImageUploadView.swift */ = {isa = PBXFileReference; lastKnownFileType = sourcecode.swift; path = ImageUploadView.swift; sourceTree = "<group>"; };
		556AD03C29576B8000FAB74E /* ImagePicker.swift */ = {isa = PBXFileReference; lastKnownFileType = sourcecode.swift; path = ImagePicker.swift; sourceTree = "<group>"; };
		556AD046295F518600FAB74E /* ImageUploadViewModel.swift */ = {isa = PBXFileReference; lastKnownFileType = sourcecode.swift; path = ImageUploadViewModel.swift; sourceTree = "<group>"; };
		557E0F662994FC5700BD1FE2 /* UserService.swift */ = {isa = PBXFileReference; lastKnownFileType = sourcecode.swift; path = UserService.swift; sourceTree = "<group>"; };
		557E0F6D299AE53E00BD1FE2 /* MainTabViewModel.swift */ = {isa = PBXFileReference; lastKnownFileType = sourcecode.swift; path = MainTabViewModel.swift; sourceTree = "<group>"; };
		557E0F7B299D58F400BD1FE2 /* ImageService.swift */ = {isa = PBXFileReference; lastKnownFileType = sourcecode.swift; path = ImageService.swift; sourceTree = "<group>"; };
		557E0F7D299E6A4900BD1FE2 /* ProfileViewModel.swift */ = {isa = PBXFileReference; lastKnownFileType = sourcecode.swift; path = ProfileViewModel.swift; sourceTree = "<group>"; };
		557E0F81299E800E00BD1FE2 /* CustomShape.swift */ = {isa = PBXFileReference; lastKnownFileType = sourcecode.swift; path = CustomShape.swift; sourceTree = "<group>"; };
		557E0F83299E833200BD1FE2 /* ProgressBarView.swift */ = {isa = PBXFileReference; lastKnownFileType = sourcecode.swift; path = ProgressBarView.swift; sourceTree = "<group>"; };
		5589071129B8E3BB00CC7D18 /* ImageSaver.swift */ = {isa = PBXFileReference; lastKnownFileType = sourcecode.swift; path = ImageSaver.swift; sourceTree = "<group>"; };
		5589071729BA0B5800CC7D18 /* ImageDetailViewModel.swift */ = {isa = PBXFileReference; lastKnownFileType = sourcecode.swift; path = ImageDetailViewModel.swift; sourceTree = "<group>"; };
		5589071929BE3D2000CC7D18 /* ImageType.swift */ = {isa = PBXFileReference; lastKnownFileType = sourcecode.swift; path = ImageType.swift; sourceTree = "<group>"; };
		55D1C76E29C350FF009BBDE8 /* SearchViewModel.swift */ = {isa = PBXFileReference; lastKnownFileType = sourcecode.swift; path = SearchViewModel.swift; sourceTree = "<group>"; };
		55D1C77429C36745009BBDE8 /* SearchThumbnailView.swift */ = {isa = PBXFileReference; lastKnownFileType = sourcecode.swift; path = SearchThumbnailView.swift; sourceTree = "<group>"; };
		55D1C77629C8872A009BBDE8 /* ProfileEditViewModel.swift */ = {isa = PBXFileReference; lastKnownFileType = sourcecode.swift; path = ProfileEditViewModel.swift; sourceTree = "<group>"; };
/* End PBXFileReference section */

/* Begin PBXFrameworksBuildPhase section */
		556ACFEB29530F0E00FAB74E /* Frameworks */ = {
			isa = PBXFrameworksBuildPhase;
			buildActionMask = 2147483647;
			files = (
				557E0F7A299AF0BB00BD1FE2 /* Kingfisher in Frameworks */,
				556AD0242954AF5D00FAB74E /* GoogleSignIn in Frameworks */,
				556AD0112954780A00FAB74E /* FirebaseAuth in Frameworks */,
				556AD0172954780A00FAB74E /* FirebaseStorage in Frameworks */,
				556AD0132954780A00FAB74E /* FirebaseFirestore in Frameworks */,
				556AD0152954780A00FAB74E /* FirebaseFirestoreSwift in Frameworks */,
			);
			runOnlyForDeploymentPostprocessing = 0;
		};
/* End PBXFrameworksBuildPhase section */

/* Begin PBXGroup section */
		556ACFE529530F0E00FAB74E = {
			isa = PBXGroup;
			children = (
				556ACFF029530F0E00FAB74E /* Flashy */,
				556ACFEF29530F0E00FAB74E /* Products */,
			);
			sourceTree = "<group>";
		};
		556ACFEF29530F0E00FAB74E /* Products */ = {
			isa = PBXGroup;
			children = (
				556ACFEE29530F0E00FAB74E /* Flashy.app */,
			);
			name = Products;
			sourceTree = "<group>";
		};
		556ACFF029530F0E00FAB74E /* Flashy */ = {
			isa = PBXGroup;
			children = (
				557E0F75299AE5B000BD1FE2 /* Search */,
				557E0F72299AE59B00BD1FE2 /* Profile */,
				557E0F6F299AE56900BD1FE2 /* ImageDetail */,
				557E0F6A299AE4F600BD1FE2 /* MainTab */,
				556AD041295F503B00FAB74E /* ImageUpload */,
				556AD040295F4F6700FAB74E /* Authentication */,
				556AD03B29576B7200FAB74E /* Utility */,
				556AD03629575F4700FAB74E /* Service */,
				556AD02F2955B9EF00FAB74E /* Model */,
				556AD00D295472B900FAB74E /* GoogleService-Info.plist */,
				556AD00829532DC500FAB74E /* Info.plist */,
				556AD00329531F4B00FAB74E /* Components */,
				556ACFF129530F0E00FAB74E /* FlashyApp.swift */,
				556ACFF329530F0E00FAB74E /* ContentView.swift */,
				556ACFF529530F1000FAB74E /* Assets.xcassets */,
				556ACFF729530F1000FAB74E /* Preview Content */,
			);
			path = Flashy;
			sourceTree = "<group>";
		};
		556ACFF729530F1000FAB74E /* Preview Content */ = {
			isa = PBXGroup;
			children = (
				556ACFF829530F1000FAB74E /* Preview Assets.xcassets */,
			);
			path = "Preview Content";
			sourceTree = "<group>";
		};
		556AD00329531F4B00FAB74E /* Components */ = {
			isa = PBXGroup;
			children = (
				556AD02B2954F63C00FAB74E /* ThumbnailView.swift */,
				556AD01B2954814B00FAB74E /* BottomNavigationView.swift */,
				556AD00429531F6000FAB74E /* CustomTextField.swift */,
				556AD006295324CE00FAB74E /* CustomSignInButton.swift */,
				556AD00B29539CA200FAB74E /* CustomTextFieldRegister.swift */,
				556AD02D2954FCAD00FAB74E /* SearchBar.swift */,
				557E0F81299E800E00BD1FE2 /* CustomShape.swift */,
				557E0F83299E833200BD1FE2 /* ProgressBarView.swift */,
				55009FFF29B277D5001AC2B3 /* CustomListItem.swift */,
				55D1C77429C36745009BBDE8 /* SearchThumbnailView.swift */,
			);
			path = Components;
			sourceTree = "<group>";
		};
		556AD018295480C200FAB74E /* ViewModel */ = {
			isa = PBXGroup;
			children = (
				556AD019295480DE00FAB74E /* AuthViewModel.swift */,
			);
			path = ViewModel;
			sourceTree = "<group>";
		};
		556AD02F2955B9EF00FAB74E /* Model */ = {
			isa = PBXGroup;
			children = (
				556AD0302955B9FD00FAB74E /* Picture.swift */,
				556AD0322955BABF00FAB74E /* User.swift */,
				5500A00329B28760001AC2B3 /* ProfileEdit.swift */,
				5589071929BE3D2000CC7D18 /* ImageType.swift */,
			);
			path = Model;
			sourceTree = "<group>";
		};
		556AD03629575F4700FAB74E /* Service */ = {
			isa = PBXGroup;
			children = (
				556AD03729575F5F00FAB74E /* ImageUploader.swift */,
				557E0F662994FC5700BD1FE2 /* UserService.swift */,
				557E0F7B299D58F400BD1FE2 /* ImageService.swift */,
				5589071129B8E3BB00CC7D18 /* ImageSaver.swift */,
			);
			path = Service;
			sourceTree = "<group>";
		};
		556AD03B29576B7200FAB74E /* Utility */ = {
			isa = PBXGroup;
			children = (
				556AD03C29576B8000FAB74E /* ImagePicker.swift */,
			);
			path = Utility;
			sourceTree = "<group>";
		};
		556AD040295F4F6700FAB74E /* Authentication */ = {
			isa = PBXGroup;
			children = (
				556AD048295F527400FAB74E /* View */,
				556AD018295480C200FAB74E /* ViewModel */,
			);
			path = Authentication;
			sourceTree = "<group>";
		};
		556AD041295F503B00FAB74E /* ImageUpload */ = {
			isa = PBXGroup;
			children = (
				556AD043295F508100FAB74E /* ViewModel */,
				556AD042295F507D00FAB74E /* View */,
			);
			path = ImageUpload;
			sourceTree = "<group>";
		};
		556AD042295F507D00FAB74E /* View */ = {
			isa = PBXGroup;
			children = (
				556AD0392957632400FAB74E /* ImageUploadView.swift */,
			);
			path = View;
			sourceTree = "<group>";
		};
		556AD043295F508100FAB74E /* ViewModel */ = {
			isa = PBXGroup;
			children = (
				556AD046295F518600FAB74E /* ImageUploadViewModel.swift */,
			);
			path = ViewModel;
			sourceTree = "<group>";
		};
		556AD048295F527400FAB74E /* View */ = {
			isa = PBXGroup;
			children = (
				556AD00029530FCC00FAB74E /* LoginScreenView.swift */,
				556AD0092953316C00FAB74E /* RegistrationView.swift */,
			);
			path = View;
			sourceTree = "<group>";
		};
		557E0F6A299AE4F600BD1FE2 /* MainTab */ = {
			isa = PBXGroup;
			children = (
				557E0F6C299AE51000BD1FE2 /* ViewModel */,
				557E0F6B299AE50500BD1FE2 /* View */,
			);
			path = MainTab;
			sourceTree = "<group>";
		};
		557E0F6B299AE50500BD1FE2 /* View */ = {
			isa = PBXGroup;
			children = (
				556AD0252954E98900FAB74E /* MainView.swift */,
			);
			path = View;
			sourceTree = "<group>";
		};
		557E0F6C299AE51000BD1FE2 /* ViewModel */ = {
			isa = PBXGroup;
			children = (
				557E0F6D299AE53E00BD1FE2 /* MainTabViewModel.swift */,
			);
			path = ViewModel;
			sourceTree = "<group>";
		};
		557E0F6F299AE56900BD1FE2 /* ImageDetail */ = {
			isa = PBXGroup;
			children = (
				557E0F71299AE57A00BD1FE2 /* ViewModel */,
				557E0F70299AE57400BD1FE2 /* View */,
			);
			path = ImageDetail;
			sourceTree = "<group>";
		};
		557E0F70299AE57400BD1FE2 /* View */ = {
			isa = PBXGroup;
			children = (
				556AD0342955BC3600FAB74E /* ImageDetailsView.swift */,
			);
			path = View;
			sourceTree = "<group>";
		};
		557E0F71299AE57A00BD1FE2 /* ViewModel */ = {
			isa = PBXGroup;
			children = (
				5589071729BA0B5800CC7D18 /* ImageDetailViewModel.swift */,
			);
			path = ViewModel;
			sourceTree = "<group>";
		};
		557E0F72299AE59B00BD1FE2 /* Profile */ = {
			isa = PBXGroup;
			children = (
				557E0F74299AE5A500BD1FE2 /* ViewModel */,
				557E0F73299AE5A000BD1FE2 /* View */,
			);
			path = Profile;
			sourceTree = "<group>";
		};
		557E0F73299AE5A000BD1FE2 /* View */ = {
			isa = PBXGroup;
			children = (
				556AD0292954E9AC00FAB74E /* ProfileView.swift */,
				5500A00129B28742001AC2B3 /* ProfileEditView.swift */,
			);
			path = View;
			sourceTree = "<group>";
		};
		557E0F74299AE5A500BD1FE2 /* ViewModel */ = {
			isa = PBXGroup;
			children = (
				557E0F7D299E6A4900BD1FE2 /* ProfileViewModel.swift */,
				55D1C77629C8872A009BBDE8 /* ProfileEditViewModel.swift */,
			);
			path = ViewModel;
			sourceTree = "<group>";
		};
		557E0F75299AE5B000BD1FE2 /* Search */ = {
			isa = PBXGroup;
			children = (
				557E0F77299AE5BF00BD1FE2 /* ViewModel */,
				557E0F76299AE5B700BD1FE2 /* View */,
			);
			path = Search;
			sourceTree = "<group>";
		};
		557E0F76299AE5B700BD1FE2 /* View */ = {
			isa = PBXGroup;
			children = (
				556AD0272954E99B00FAB74E /* SearchView.swift */,
			);
			path = View;
			sourceTree = "<group>";
		};
		557E0F77299AE5BF00BD1FE2 /* ViewModel */ = {
			isa = PBXGroup;
			children = (
				55D1C76E29C350FF009BBDE8 /* SearchViewModel.swift */,
			);
			path = ViewModel;
			sourceTree = "<group>";
		};
/* End PBXGroup section */

/* Begin PBXNativeTarget section */
		556ACFED29530F0E00FAB74E /* Flashy */ = {
			isa = PBXNativeTarget;
			buildConfigurationList = 556ACFFC29530F1000FAB74E /* Build configuration list for PBXNativeTarget "Flashy" */;
			buildPhases = (
				556ACFEA29530F0E00FAB74E /* Sources */,
				556ACFEB29530F0E00FAB74E /* Frameworks */,
				556ACFEC29530F0E00FAB74E /* Resources */,
			);
			buildRules = (
			);
			dependencies = (
			);
			name = Flashy;
			packageProductDependencies = (
				556AD0102954780A00FAB74E /* FirebaseAuth */,
				556AD0122954780A00FAB74E /* FirebaseFirestore */,
				556AD0142954780A00FAB74E /* FirebaseFirestoreSwift */,
				556AD0162954780A00FAB74E /* FirebaseStorage */,
				556AD0232954AF5D00FAB74E /* GoogleSignIn */,
				557E0F79299AF0BB00BD1FE2 /* Kingfisher */,
			);
			productName = Flashy;
			productReference = 556ACFEE29530F0E00FAB74E /* Flashy.app */;
			productType = "com.apple.product-type.application";
		};
/* End PBXNativeTarget section */

/* Begin PBXProject section */
		556ACFE629530F0E00FAB74E /* Project object */ = {
			isa = PBXProject;
			attributes = {
				BuildIndependentTargetsInParallel = 1;
				LastSwiftUpdateCheck = 1400;
				LastUpgradeCheck = 1400;
				TargetAttributes = {
					556ACFED29530F0E00FAB74E = {
						CreatedOnToolsVersion = 14.0.1;
					};
				};
			};
			buildConfigurationList = 556ACFE929530F0E00FAB74E /* Build configuration list for PBXProject "Flashy" */;
			compatibilityVersion = "Xcode 14.0";
			developmentRegion = en;
			hasScannedForEncodings = 0;
			knownRegions = (
				en,
				Base,
			);
			mainGroup = 556ACFE529530F0E00FAB74E;
			packageReferences = (
				556AD00F2954780A00FAB74E /* XCRemoteSwiftPackageReference "firebase-ios-sdk" */,
				556AD0222954AF5D00FAB74E /* XCRemoteSwiftPackageReference "GoogleSignIn-iOS" */,
				557E0F78299AF0BA00BD1FE2 /* XCRemoteSwiftPackageReference "Kingfisher" */,
			);
			productRefGroup = 556ACFEF29530F0E00FAB74E /* Products */;
			projectDirPath = "";
			projectRoot = "";
			targets = (
				556ACFED29530F0E00FAB74E /* Flashy */,
			);
		};
/* End PBXProject section */

/* Begin PBXResourcesBuildPhase section */
		556ACFEC29530F0E00FAB74E /* Resources */ = {
			isa = PBXResourcesBuildPhase;
			buildActionMask = 2147483647;
			files = (
				556ACFF929530F1000FAB74E /* Preview Assets.xcassets in Resources */,
				556ACFF629530F1000FAB74E /* Assets.xcassets in Resources */,
				556AD00E295472B900FAB74E /* GoogleService-Info.plist in Resources */,
			);
			runOnlyForDeploymentPostprocessing = 0;
		};
/* End PBXResourcesBuildPhase section */

/* Begin PBXSourcesBuildPhase section */
		556ACFEA29530F0E00FAB74E /* Sources */ = {
			isa = PBXSourcesBuildPhase;
			buildActionMask = 2147483647;
			files = (
				556AD007295324CE00FAB74E /* CustomSignInButton.swift in Sources */,
				556AD01C2954814B00FAB74E /* BottomNavigationView.swift in Sources */,
				556AD0352955BC3700FAB74E /* ImageDetailsView.swift in Sources */,
				556AD00529531F6000FAB74E /* CustomTextField.swift in Sources */,
				556AD0262954E98900FAB74E /* MainView.swift in Sources */,
				556AD03829575F5F00FAB74E /* ImageUploader.swift in Sources */,
				557E0F672994FC5700BD1FE2 /* UserService.swift in Sources */,
				556AD0332955BABF00FAB74E /* User.swift in Sources */,
				55D1C77729C8872A009BBDE8 /* ProfileEditViewModel.swift in Sources */,
				556AD02A2954E9AC00FAB74E /* ProfileView.swift in Sources */,
				556AD047295F518600FAB74E /* ImageUploadViewModel.swift in Sources */,
				557E0F84299E833200BD1FE2 /* ProgressBarView.swift in Sources */,
				556AD02C2954F63C00FAB74E /* ThumbnailView.swift in Sources */,
				556AD0312955B9FD00FAB74E /* Picture.swift in Sources */,
				557E0F82299E800E00BD1FE2 /* CustomShape.swift in Sources */,
				55D1C76F29C350FF009BBDE8 /* SearchViewModel.swift in Sources */,
				556ACFF429530F0E00FAB74E /* ContentView.swift in Sources */,
				556AD02E2954FCAD00FAB74E /* SearchBar.swift in Sources */,
				5589071A29BE3D2000CC7D18 /* ImageType.swift in Sources */,
				557E0F7E299E6A4900BD1FE2 /* ProfileViewModel.swift in Sources */,
				556AD00A2953316C00FAB74E /* RegistrationView.swift in Sources */,
				556AD01A295480DE00FAB74E /* AuthViewModel.swift in Sources */,
				5500A00429B28760001AC2B3 /* ProfileEdit.swift in Sources */,
				557E0F6E299AE53E00BD1FE2 /* MainTabViewModel.swift in Sources */,
				557E0F7C299D58F400BD1FE2 /* ImageService.swift in Sources */,
				556AD00C29539CA300FAB74E /* CustomTextFieldRegister.swift in Sources */,
				5589071829BA0B5800CC7D18 /* ImageDetailViewModel.swift in Sources */,
				556AD00129530FCC00FAB74E /* LoginScreenView.swift in Sources */,
				556AD03A2957632400FAB74E /* ImageUploadView.swift in Sources */,
				55D1C77529C36745009BBDE8 /* SearchThumbnailView.swift in Sources */,
				556AD03D29576B8000FAB74E /* ImagePicker.swift in Sources */,
				5500A00029B277D5001AC2B3 /* CustomListItem.swift in Sources */,
				5589071229B8E3BB00CC7D18 /* ImageSaver.swift in Sources */,
				556ACFF229530F0E00FAB74E /* FlashyApp.swift in Sources */,
				556AD0282954E99B00FAB74E /* SearchView.swift in Sources */,
				5500A00229B28742001AC2B3 /* ProfileEditView.swift in Sources */,
			);
			runOnlyForDeploymentPostprocessing = 0;
		};
/* End PBXSourcesBuildPhase section */

/* Begin XCBuildConfiguration section */
		556ACFFA29530F1000FAB74E /* Debug */ = {
			isa = XCBuildConfiguration;
			buildSettings = {
				ALWAYS_SEARCH_USER_PATHS = NO;
				CLANG_ANALYZER_NONNULL = YES;
				CLANG_ANALYZER_NUMBER_OBJECT_CONVERSION = YES_AGGRESSIVE;
				CLANG_CXX_LANGUAGE_STANDARD = "gnu++20";
				CLANG_ENABLE_MODULES = YES;
				CLANG_ENABLE_OBJC_ARC = YES;
				CLANG_ENABLE_OBJC_WEAK = YES;
				CLANG_WARN_BLOCK_CAPTURE_AUTORELEASING = YES;
				CLANG_WARN_BOOL_CONVERSION = YES;
				CLANG_WARN_COMMA = YES;
				CLANG_WARN_CONSTANT_CONVERSION = YES;
				CLANG_WARN_DEPRECATED_OBJC_IMPLEMENTATIONS = YES;
				CLANG_WARN_DIRECT_OBJC_ISA_USAGE = YES_ERROR;
				CLANG_WARN_DOCUMENTATION_COMMENTS = YES;
				CLANG_WARN_EMPTY_BODY = YES;
				CLANG_WARN_ENUM_CONVERSION = YES;
				CLANG_WARN_INFINITE_RECURSION = YES;
				CLANG_WARN_INT_CONVERSION = YES;
				CLANG_WARN_NON_LITERAL_NULL_CONVERSION = YES;
				CLANG_WARN_OBJC_IMPLICIT_RETAIN_SELF = YES;
				CLANG_WARN_OBJC_LITERAL_CONVERSION = YES;
				CLANG_WARN_OBJC_ROOT_CLASS = YES_ERROR;
				CLANG_WARN_QUOTED_INCLUDE_IN_FRAMEWORK_HEADER = YES;
				CLANG_WARN_RANGE_LOOP_ANALYSIS = YES;
				CLANG_WARN_STRICT_PROTOTYPES = YES;
				CLANG_WARN_SUSPICIOUS_MOVE = YES;
				CLANG_WARN_UNGUARDED_AVAILABILITY = YES_AGGRESSIVE;
				CLANG_WARN_UNREACHABLE_CODE = YES;
				CLANG_WARN__DUPLICATE_METHOD_MATCH = YES;
				COPY_PHASE_STRIP = NO;
				DEBUG_INFORMATION_FORMAT = dwarf;
				ENABLE_STRICT_OBJC_MSGSEND = YES;
				ENABLE_TESTABILITY = YES;
				GCC_C_LANGUAGE_STANDARD = gnu11;
				GCC_DYNAMIC_NO_PIC = NO;
				GCC_NO_COMMON_BLOCKS = YES;
				GCC_OPTIMIZATION_LEVEL = 0;
				GCC_PREPROCESSOR_DEFINITIONS = (
					"DEBUG=1",
					"$(inherited)",
				);
				GCC_WARN_64_TO_32_BIT_CONVERSION = YES;
				GCC_WARN_ABOUT_RETURN_TYPE = YES_ERROR;
				GCC_WARN_UNDECLARED_SELECTOR = YES;
				GCC_WARN_UNINITIALIZED_AUTOS = YES_AGGRESSIVE;
				GCC_WARN_UNUSED_FUNCTION = YES;
				GCC_WARN_UNUSED_VARIABLE = YES;
				IPHONEOS_DEPLOYMENT_TARGET = 16.0;
				MTL_ENABLE_DEBUG_INFO = INCLUDE_SOURCE;
				MTL_FAST_MATH = YES;
				ONLY_ACTIVE_ARCH = YES;
				SDKROOT = iphoneos;
				SWIFT_ACTIVE_COMPILATION_CONDITIONS = DEBUG;
				SWIFT_OPTIMIZATION_LEVEL = "-Onone";
			};
			name = Debug;
		};
		556ACFFB29530F1000FAB74E /* Release */ = {
			isa = XCBuildConfiguration;
			buildSettings = {
				ALWAYS_SEARCH_USER_PATHS = NO;
				CLANG_ANALYZER_NONNULL = YES;
				CLANG_ANALYZER_NUMBER_OBJECT_CONVERSION = YES_AGGRESSIVE;
				CLANG_CXX_LANGUAGE_STANDARD = "gnu++20";
				CLANG_ENABLE_MODULES = YES;
				CLANG_ENABLE_OBJC_ARC = YES;
				CLANG_ENABLE_OBJC_WEAK = YES;
				CLANG_WARN_BLOCK_CAPTURE_AUTORELEASING = YES;
				CLANG_WARN_BOOL_CONVERSION = YES;
				CLANG_WARN_COMMA = YES;
				CLANG_WARN_CONSTANT_CONVERSION = YES;
				CLANG_WARN_DEPRECATED_OBJC_IMPLEMENTATIONS = YES;
				CLANG_WARN_DIRECT_OBJC_ISA_USAGE = YES_ERROR;
				CLANG_WARN_DOCUMENTATION_COMMENTS = YES;
				CLANG_WARN_EMPTY_BODY = YES;
				CLANG_WARN_ENUM_CONVERSION = YES;
				CLANG_WARN_INFINITE_RECURSION = YES;
				CLANG_WARN_INT_CONVERSION = YES;
				CLANG_WARN_NON_LITERAL_NULL_CONVERSION = YES;
				CLANG_WARN_OBJC_IMPLICIT_RETAIN_SELF = YES;
				CLANG_WARN_OBJC_LITERAL_CONVERSION = YES;
				CLANG_WARN_OBJC_ROOT_CLASS = YES_ERROR;
				CLANG_WARN_QUOTED_INCLUDE_IN_FRAMEWORK_HEADER = YES;
				CLANG_WARN_RANGE_LOOP_ANALYSIS = YES;
				CLANG_WARN_STRICT_PROTOTYPES = YES;
				CLANG_WARN_SUSPICIOUS_MOVE = YES;
				CLANG_WARN_UNGUARDED_AVAILABILITY = YES_AGGRESSIVE;
				CLANG_WARN_UNREACHABLE_CODE = YES;
				CLANG_WARN__DUPLICATE_METHOD_MATCH = YES;
				COPY_PHASE_STRIP = NO;
				DEBUG_INFORMATION_FORMAT = "dwarf-with-dsym";
				ENABLE_NS_ASSERTIONS = NO;
				ENABLE_STRICT_OBJC_MSGSEND = YES;
				GCC_C_LANGUAGE_STANDARD = gnu11;
				GCC_NO_COMMON_BLOCKS = YES;
				GCC_WARN_64_TO_32_BIT_CONVERSION = YES;
				GCC_WARN_ABOUT_RETURN_TYPE = YES_ERROR;
				GCC_WARN_UNDECLARED_SELECTOR = YES;
				GCC_WARN_UNINITIALIZED_AUTOS = YES_AGGRESSIVE;
				GCC_WARN_UNUSED_FUNCTION = YES;
				GCC_WARN_UNUSED_VARIABLE = YES;
				IPHONEOS_DEPLOYMENT_TARGET = 16.0;
				MTL_ENABLE_DEBUG_INFO = NO;
				MTL_FAST_MATH = YES;
				SDKROOT = iphoneos;
				SWIFT_COMPILATION_MODE = wholemodule;
				SWIFT_OPTIMIZATION_LEVEL = "-O";
				VALIDATE_PRODUCT = YES;
			};
			name = Release;
		};
		556ACFFD29530F1000FAB74E /* Debug */ = {
			isa = XCBuildConfiguration;
			buildSettings = {
				ASSETCATALOG_COMPILER_APPICON_NAME = AppIcon;
				ASSETCATALOG_COMPILER_GLOBAL_ACCENT_COLOR_NAME = AccentColor;
				CODE_SIGN_STYLE = Automatic;
				CURRENT_PROJECT_VERSION = 1;
				DEVELOPMENT_ASSET_PATHS = "\"Flashy/Preview Content\"";
				DEVELOPMENT_TEAM = 8XB34C5UT7;
				ENABLE_PREVIEWS = YES;
				GENERATE_INFOPLIST_FILE = YES;
				INFOPLIST_FILE = Flashy/Info.plist;
				INFOPLIST_KEY_NSPhotoLibraryAddUsageDescription = "Want to save the photo?";
				INFOPLIST_KEY_UIApplicationSceneManifest_Generation = YES;
				INFOPLIST_KEY_UIApplicationSupportsIndirectInputEvents = YES;
				INFOPLIST_KEY_UILaunchScreen_Generation = YES;
				INFOPLIST_KEY_UISupportedInterfaceOrientations_iPad = "UIInterfaceOrientationPortrait UIInterfaceOrientationPortraitUpsideDown UIInterfaceOrientationLandscapeLeft UIInterfaceOrientationLandscapeRight";
				INFOPLIST_KEY_UISupportedInterfaceOrientations_iPhone = "UIInterfaceOrientationPortrait UIInterfaceOrientationLandscapeLeft UIInterfaceOrientationLandscapeRight";
				INFOPLIST_KEY_UIUserInterfaceStyle = Light;
				LD_RUNPATH_SEARCH_PATHS = (
					"$(inherited)",
					"@executable_path/Frameworks",
				);
				MARKETING_VERSION = 1.0;
				PRODUCT_BUNDLE_IDENTIFIER = com.mnovak.Flashy;
				PRODUCT_NAME = "$(TARGET_NAME)";
				SWIFT_EMIT_LOC_STRINGS = YES;
				SWIFT_VERSION = 5.0;
				TARGETED_DEVICE_FAMILY = "1,2";
			};
			name = Debug;
		};
		556ACFFE29530F1000FAB74E /* Release */ = {
			isa = XCBuildConfiguration;
			buildSettings = {
				ASSETCATALOG_COMPILER_APPICON_NAME = AppIcon;
				ASSETCATALOG_COMPILER_GLOBAL_ACCENT_COLOR_NAME = AccentColor;
				CODE_SIGN_STYLE = Automatic;
				CURRENT_PROJECT_VERSION = 1;
				DEVELOPMENT_ASSET_PATHS = "\"Flashy/Preview Content\"";
				DEVELOPMENT_TEAM = 8XB34C5UT7;
				ENABLE_PREVIEWS = YES;
				GENERATE_INFOPLIST_FILE = YES;
				INFOPLIST_FILE = Flashy/Info.plist;
				INFOPLIST_KEY_NSPhotoLibraryAddUsageDescription = "Want to save the photo?";
				INFOPLIST_KEY_UIApplicationSceneManifest_Generation = YES;
				INFOPLIST_KEY_UIApplicationSupportsIndirectInputEvents = YES;
				INFOPLIST_KEY_UILaunchScreen_Generation = YES;
				INFOPLIST_KEY_UISupportedInterfaceOrientations_iPad = "UIInterfaceOrientationPortrait UIInterfaceOrientationPortraitUpsideDown UIInterfaceOrientationLandscapeLeft UIInterfaceOrientationLandscapeRight";
				INFOPLIST_KEY_UISupportedInterfaceOrientations_iPhone = "UIInterfaceOrientationPortrait UIInterfaceOrientationLandscapeLeft UIInterfaceOrientationLandscapeRight";
				INFOPLIST_KEY_UIUserInterfaceStyle = Light;
				LD_RUNPATH_SEARCH_PATHS = (
					"$(inherited)",
					"@executable_path/Frameworks",
				);
				MARKETING_VERSION = 1.0;
				PRODUCT_BUNDLE_IDENTIFIER = com.mnovak.Flashy;
				PRODUCT_NAME = "$(TARGET_NAME)";
				SWIFT_EMIT_LOC_STRINGS = YES;
				SWIFT_VERSION = 5.0;
				TARGETED_DEVICE_FAMILY = "1,2";
			};
			name = Release;
		};
/* End XCBuildConfiguration section */

/* Begin XCConfigurationList section */
		556ACFE929530F0E00FAB74E /* Build configuration list for PBXProject "Flashy" */ = {
			isa = XCConfigurationList;
			buildConfigurations = (
				556ACFFA29530F1000FAB74E /* Debug */,
				556ACFFB29530F1000FAB74E /* Release */,
			);
			defaultConfigurationIsVisible = 0;
			defaultConfigurationName = Release;
		};
		556ACFFC29530F1000FAB74E /* Build configuration list for PBXNativeTarget "Flashy" */ = {
			isa = XCConfigurationList;
			buildConfigurations = (
				556ACFFD29530F1000FAB74E /* Debug */,
				556ACFFE29530F1000FAB74E /* Release */,
			);
			defaultConfigurationIsVisible = 0;
			defaultConfigurationName = Release;
		};
/* End XCConfigurationList section */

/* Begin XCRemoteSwiftPackageReference section */
		556AD00F2954780A00FAB74E /* XCRemoteSwiftPackageReference "firebase-ios-sdk" */ = {
			isa = XCRemoteSwiftPackageReference;
			repositoryURL = "https://github.com/firebase/firebase-ios-sdk";
			requirement = {
				kind = upToNextMajorVersion;
				minimumVersion = 9.0.0;
			};
		};
		556AD0222954AF5D00FAB74E /* XCRemoteSwiftPackageReference "GoogleSignIn-iOS" */ = {
			isa = XCRemoteSwiftPackageReference;
			repositoryURL = "https://github.com/google/GoogleSignIn-iOS.git";
			requirement = {
				kind = exactVersion;
				version = 6.0.0;
			};
		};
		557E0F78299AF0BA00BD1FE2 /* XCRemoteSwiftPackageReference "Kingfisher" */ = {
			isa = XCRemoteSwiftPackageReference;
			repositoryURL = "https://github.com/onevcat/Kingfisher.git";
			requirement = {
				branch = master;
				kind = branch;
			};
		};
/* End XCRemoteSwiftPackageReference section */

/* Begin XCSwiftPackageProductDependency section */
		556AD0102954780A00FAB74E /* FirebaseAuth */ = {
			isa = XCSwiftPackageProductDependency;
			package = 556AD00F2954780A00FAB74E /* XCRemoteSwiftPackageReference "firebase-ios-sdk" */;
			productName = FirebaseAuth;
		};
		556AD0122954780A00FAB74E /* FirebaseFirestore */ = {
			isa = XCSwiftPackageProductDependency;
			package = 556AD00F2954780A00FAB74E /* XCRemoteSwiftPackageReference "firebase-ios-sdk" */;
			productName = FirebaseFirestore;
		};
		556AD0142954780A00FAB74E /* FirebaseFirestoreSwift */ = {
			isa = XCSwiftPackageProductDependency;
			package = 556AD00F2954780A00FAB74E /* XCRemoteSwiftPackageReference "firebase-ios-sdk" */;
			productName = FirebaseFirestoreSwift;
		};
		556AD0162954780A00FAB74E /* FirebaseStorage */ = {
			isa = XCSwiftPackageProductDependency;
			package = 556AD00F2954780A00FAB74E /* XCRemoteSwiftPackageReference "firebase-ios-sdk" */;
			productName = FirebaseStorage;
		};
		556AD0232954AF5D00FAB74E /* GoogleSignIn */ = {
			isa = XCSwiftPackageProductDependency;
			package = 556AD0222954AF5D00FAB74E /* XCRemoteSwiftPackageReference "GoogleSignIn-iOS" */;
			productName = GoogleSignIn;
		};
		557E0F79299AF0BB00BD1FE2 /* Kingfisher */ = {
			isa = XCSwiftPackageProductDependency;
			package = 557E0F78299AF0BA00BD1FE2 /* XCRemoteSwiftPackageReference "Kingfisher" */;
			productName = Kingfisher;
		};
/* End XCSwiftPackageProductDependency section */
	};
	rootObject = 556ACFE629530F0E00FAB74E /* Project object */;
}
